
Microsoft Visual Studio Solution File, Format Version 11.00
# Visual Studio 2010
Project("{8BC9CEB8-8B4A-11D0-8D11-00A0C91BC942}") = "MapTest2", "MapTest2.vcxproj", "{2FC6ED6A-3631-6A96-1B97-F9FF5561F8F5}"
EndProject
Global
	GlobalSection(SolutionConfigurationPlatforms) = preSolution
		Debug|Win32 = Debug|Win32
		Release|Win32 = Release|Win32
	EndGlobalSection
	GlobalSection(ProjectConfigurationPlatforms) = postSolution
		{2FC6ED6A-3631-6A96-1B97-F9FF5561F8F5}.Debug|Win32.ActiveCfg = Debug|Win32
		{2FC6ED6A-3631-6A96-1B97-F9FF5561F8F5}.Debug|Win32.Build.0 = Debug|Win32
		{2FC6ED6A-3631-6A96-1B97-F9FF5561F8F5}.Release|Win32.ActiveCfg = Release|Win32
		{2FC6ED6A-3631-6A96-1B97-F9FF5561F8F5}.Release|Win32.Build.0 = Release|Win32
	EndGlobalSection
	GlobalSection(SolutionProperties) = preSolution
		HideSolutionNode = FALSE
	EndGlobalSection
EndGlobal
